{
  "name": "ii4021-student-data-management-system",
  "lockfileVersion": 3,
  "requires": true,
  "packages": {
    "": {
      "dependencies": {
        "@tanstack/react-router": "^1.120.20"
      }
    },
    "node_modules/@tanstack/history": {
      "version": "1.120.17",
      "resolved": "https://registry.npmjs.org/@tanstack/history/-/history-1.120.17.tgz",
      "integrity": "sha512-k07LFI4Qo074IIaWzT/XjD0KlkGx2w1V3fnNtclKx0oAl8z4O9kCh6za+FPEIRe98xLgNFEiddDbJeAYGSlPtw==",
      "engines": {
        "node": ">=12"
      },
      "funding": {
        "type": "github",
        "url": "https://github.com/sponsors/tannerlinsley"
      }
    },
    "node_modules/@tanstack/react-router": {
      "version": "1.120.20",
      "resolved": "https://registry.npmjs.org/@tanstack/react-router/-/react-router-1.120.20.tgz",
      "integrity": "sha512-+zNruUE9NsfGm9cHd22Xs7FRtBrBhDZe94pB69BEIjqjrEPZct6f5VhTV9WQ+bDZ6fRz8tUuxNFAgm/3Lm4AIg==",
      "dependencies": {
        "@tanstack/history": "1.120.17",
        "@tanstack/react-store": "^0.7.0",
        "@tanstack/router-core": "1.120.19",
        "jsesc": "^3.1.0",
        "tiny-invariant": "^1.3.3",
        "tiny-warning": "^1.0.3"
      },
      "engines": {
        "node": ">=12"
      },
      "funding": {
        "type": "github",
        "url": "https://github.com/sponsors/tannerlinsley"
      },
      "peerDependencies": {
        "react": ">=18.0.0 || >=19.0.0",
        "react-dom": ">=18.0.0 || >=19.0.0"
      }
    },
    "node_modules/@tanstack/react-store": {
      "version": "0.7.1",
      "resolved": "https://registry.npmjs.org/@tanstack/react-store/-/react-store-0.7.1.tgz",
      "integrity": "sha512-qUTEKdId6QPWGiWyKAPf/gkN29scEsz6EUSJ0C3HgLMgaqTAyBsQ2sMCfGVcqb+kkhEXAdjleCgH6LAPD6f2sA==",
      "dependencies": {
        "@tanstack/store": "0.7.1",
        "use-sync-external-store": "^1.5.0"
      },
      "funding": {
        "type": "github",
        "url": "https://github.com/sponsors/tannerlinsley"
      },
      "peerDependencies": {
        "react": "^16.8.0 || ^17.0.0 || ^18.0.0 || ^19.0.0",
        "react-dom": "^16.8.0 || ^17.0.0 || ^18.0.0 || ^19.0.0"
      }
    },
    "node_modules/@tanstack/router-core": {
      "version": "1.120.19",
      "resolved": "https://registry.npmjs.org/@tanstack/router-core/-/router-core-1.120.19.tgz",
      "integrity": "sha512-5JUVgkxnIM3NxMwzKt0tfz2UopZVxwq6Kl7Rp33zlFJaPjpiRs46VuRjVeAvkpJd6samo1gcH1rWqmnPUmtGcw==",
      "dependencies": {
        "@tanstack/history": "1.120.17",
        "@tanstack/store": "^0.7.0",
        "tiny-invariant": "^1.3.3"
      },
      "engines": {
        "node": ">=12"
      },
      "funding": {
        "type": "github",
        "url": "https://github.com/sponsors/tannerlinsley"
      }
    },
    "node_modules/@tanstack/store": {
      "version": "0.7.1",
      "resolved": "https://registry.npmjs.org/@tanstack/store/-/store-0.7.1.tgz",
      "integrity": "sha512-PjUQKXEXhLYj2X5/6c1Xn/0/qKY0IVFxTJweopRfF26xfjVyb14yALydJrHupDh3/d+1WKmfEgZPBVCmDkzzwg==",
      "funding": {
        "type": "github",
        "url": "https://github.com/sponsors/tannerlinsley"
      }
    },
    "node_modules/jsesc": {
      "version": "3.1.0",
      "resolved": "https://registry.npmjs.org/jsesc/-/jsesc-3.1.0.tgz",
      "integrity": "sha512-/sM3dO2FOzXjKQhJuo0Q173wf2KOo8t4I8vHy6lF9poUp7bKT0/NHE8fPX23PwfhnykfqnC2xRxOnVw5XuGIaA==",
      "bin": {
        "jsesc": "bin/jsesc"
      },
      "engines": {
        "node": ">=6"
      }
    },
    "node_modules/react": {
      "version": "19.1.0",
      "resolved": "https://registry.npmjs.org/react/-/react-19.1.0.tgz",
      "integrity": "sha512-FS+XFBNvn3GTAWq26joslQgWNoFu08F4kl0J4CgdNKADkdSGXQyTCnKteIAJy96Br6YbpEU1LSzV5dYtjMkMDg==",
      "peer": true,
      "engines": {
        "node": ">=0.10.0"
      }
    },
    "node_modules/react-dom": {
      "version": "19.1.0",
      "resolved": "https://registry.npmjs.org/react-dom/-/react-dom-19.1.0.tgz",
      "integrity": "sha512-Xs1hdnE+DyKgeHJeJznQmYMIBG3TKIHJJT95Q58nHLSrElKlGQqDTR2HQ9fx5CN/Gk6Vh/kupBTDLU11/nDk/g==",
      "peer": true,
      "dependencies": {
        "scheduler": "^0.26.0"
      },
      "peerDependencies": {
        "react": "^19.1.0"
      }
    },
    "node_modules/scheduler": {
      "version": "0.26.0",
      "resolved": "https://registry.npmjs.org/scheduler/-/scheduler-0.26.0.tgz",
      "integrity": "sha512-NlHwttCI/l5gCPR3D1nNXtWABUmBwvZpEQiD4IXSbIDq8BzLIK/7Ir5gTFSGZDUu37K5cMNp0hFtzO38sC7gWA==",
      "peer": true
    },
    "node_modules/tiny-invariant": {
      "version": "1.3.3",
      "resolved": "https://registry.npmjs.org/tiny-invariant/-/tiny-invariant-1.3.3.tgz",
      "integrity": "sha512-+FbBPE1o9QAYvviau/qC5SE3caw21q3xkvWKBtja5vgqOWIHHJ3ioaq1VPfn/Szqctz2bU/oYeKd9/z5BL+PVg=="
    },
    "node_modules/tiny-warning": {
      "version": "1.0.3",
      "resolved": "https://registry.npmjs.org/tiny-warning/-/tiny-warning-1.0.3.tgz",
      "integrity": "sha512-lBN9zLN/oAf68o3zNXYrdCt1kP8WsiGW8Oo2ka41b2IM5JL/S1CTyX1rW0mb/zSuJun0ZUrDxx4sqvYS2FWzPA=="
    },
    "node_modules/use-sync-external-store": {
      "version": "1.5.0",
      "resolved": "https://registry.npmjs.org/use-sync-external-store/-/use-sync-external-store-1.5.0.tgz",
      "integrity": "sha512-Rb46I4cGGVBmjamjphe8L/UnvJD+uPPtTkNvX5mZgqdbavhI4EbgIWJiIHXJ8bc/i9EQGPRh4DwEURJ552Do0A==",
      "peerDependencies": {
        "react": "^16.8.0 || ^17.0.0 || ^18.0.0 || ^19.0.0"
      }
    }
  }
}
